
Microsoft Visual Studio Solution File, Format Version 11.00
# Visual Studio 2010
Project("{FAE04EC0-301F-11D3-BF4B-00C04F79EFBC}") = "MvcApplication1", "MvcApplication1\MvcApplication1.csproj", "{DBCB3622-5C6D-47EC-B6E4-010934CF1DC1}"
EndProject
Project("{FAE04EC0-301F-11D3-BF4B-00C04F79EFBC}") = "MvcApplication1.Tests", "MvcApplication1.Tests\MvcApplication1.Tests.csproj", "{80535019-62AE-47AA-9DBB-1BD5C08AE2EC}"
EndProject
Global
	GlobalSection(SolutionConfigurationPlatforms) = preSolution
		Debug|Any CPU = Debug|Any CPU
		Release|Any CPU = Release|Any CPU
	EndGlobalSection
	GlobalSection(ProjectConfigurationPlatforms) = postSolution
		{DBCB3622-5C6D-47EC-B6E4-010934CF1DC1}.Debug|Any CPU.ActiveCfg = Debug|Any CPU
		{DBCB3622-5C6D-47EC-B6E4-010934CF1DC1}.Debug|Any CPU.Build.0 = Debug|Any CPU
		{DBCB3622-5C6D-47EC-B6E4-010934CF1DC1}.Release|Any CPU.ActiveCfg = Release|Any CPU
		{DBCB3622-5C6D-47EC-B6E4-010934CF1DC1}.Release|Any CPU.Build.0 = Release|Any CPU
		{80535019-62AE-47AA-9DBB-1BD5C08AE2EC}.Debug|Any CPU.ActiveCfg = Debug|Any CPU
		{80535019-62AE-47AA-9DBB-1BD5C08AE2EC}.Debug|Any CPU.Build.0 = Debug|Any CPU
		{80535019-62AE-47AA-9DBB-1BD5C08AE2EC}.Release|Any CPU.ActiveCfg = Release|Any CPU
		{80535019-62AE-47AA-9DBB-1BD5C08AE2EC}.Release|Any CPU.Build.0 = Release|Any CPU
	EndGlobalSection
	GlobalSection(SolutionProperties) = preSolution
		HideSolutionNode = FALSE
	EndGlobalSection
EndGlobal
